// !$*UTF8*$!
{
	archiveVersion = 1;
	classes = {
	};
	objectVersion = 50;
	objects = {

/* Begin PBXBuildFile section */
		A81FE8562634A73100AAD448 /* Protocols.swift in Sources */ = {isa = PBXBuildFile; fileRef = A81FE8552634A73100AAD448 /* Protocols.swift */; };
		A81FE85A2634A7D100AAD448 /* FirstСollectionTableCellModel.swift in Sources */ = {isa = PBXBuildFile; fileRef = A81FE8592634A7D100AAD448 /* FirstСollectionTableCellModel.swift */; };
		A81FE8602634AB9700AAD448 /* DataTemplate.json in Resources */ = {isa = PBXBuildFile; fileRef = A81FE85F2634AB9700AAD448 /* DataTemplate.json */; };
		A81FE8632634ABEB00AAD448 /* Model.swift in Sources */ = {isa = PBXBuildFile; fileRef = A81FE8622634ABEB00AAD448 /* Model.swift */; };
		A81FE8672634AEE300AAD448 /* DataTemplate.swift in Sources */ = {isa = PBXBuildFile; fileRef = A81FE8662634AEE300AAD448 /* DataTemplate.swift */; };
		A83C6C3B2634FB8D00D1AEA3 /* OtherСollectionTableCellModel.swift in Sources */ = {isa = PBXBuildFile; fileRef = A83C6C3A2634FB8D00D1AEA3 /* OtherСollectionTableCellModel.swift */; };
		A86EB1DD2634E53900E21A11 /* FirstСollectionTableCell.swift in Sources */ = {isa = PBXBuildFile; fileRef = A86EB1DC2634E53900E21A11 /* FirstСollectionTableCell.swift */; };
		A86EB1E02634E55F00E21A11 /* FirstCollectionCell.swift in Sources */ = {isa = PBXBuildFile; fileRef = A86EB1DF2634E55F00E21A11 /* FirstCollectionCell.swift */; };
		A8A9F043263491AE00D7B98D /* AppDelegate.swift in Sources */ = {isa = PBXBuildFile; fileRef = A8A9F042263491AE00D7B98D /* AppDelegate.swift */; };
		A8A9F045263491AE00D7B98D /* SceneDelegate.swift in Sources */ = {isa = PBXBuildFile; fileRef = A8A9F044263491AE00D7B98D /* SceneDelegate.swift */; };
		A8A9F047263491AE00D7B98D /* MainViewController.swift in Sources */ = {isa = PBXBuildFile; fileRef = A8A9F046263491AE00D7B98D /* MainViewController.swift */; };
		A8A9F04C263491B000D7B98D /* Assets.xcassets in Resources */ = {isa = PBXBuildFile; fileRef = A8A9F04B263491B000D7B98D /* Assets.xcassets */; };
		A8A9F04F263491B000D7B98D /* LaunchScreen.storyboard in Resources */ = {isa = PBXBuildFile; fileRef = A8A9F04D263491B000D7B98D /* LaunchScreen.storyboard */; };
		A8A9F0592634929300D7B98D /* TabBarControllerAssembly.swift in Sources */ = {isa = PBXBuildFile; fileRef = A8A9F0582634929300D7B98D /* TabBarControllerAssembly.swift */; };
		A8A9F05E2634939E00D7B98D /* CustomNavigationBar.swift in Sources */ = {isa = PBXBuildFile; fileRef = A8A9F05D2634939E00D7B98D /* CustomNavigationBar.swift */; };
		A8A9F061263493BD00D7B98D /* OtherСollectionTableCell.swift in Sources */ = {isa = PBXBuildFile; fileRef = A8A9F060263493BD00D7B98D /* OtherСollectionTableCell.swift */; };
		A8A9F064263493E200D7B98D /* OtherCollectionCell.swift in Sources */ = {isa = PBXBuildFile; fileRef = A8A9F063263493E200D7B98D /* OtherCollectionCell.swift */; };
		A8A9F067263493FB00D7B98D /* TextFieldNavbar.swift in Sources */ = {isa = PBXBuildFile; fileRef = A8A9F066263493FB00D7B98D /* TextFieldNavbar.swift */; };
		A8A9F06A2634942600D7B98D /* BarcodeViewNavBar.swift in Sources */ = {isa = PBXBuildFile; fileRef = A8A9F0692634942600D7B98D /* BarcodeViewNavBar.swift */; };
		A8A9F06D2634945400D7B98D /* SearchResultsController.swift in Sources */ = {isa = PBXBuildFile; fileRef = A8A9F06C2634945400D7B98D /* SearchResultsController.swift */; };
/* End PBXBuildFile section */

/* Begin PBXFileReference section */
		A81FE8552634A73100AAD448 /* Protocols.swift */ = {isa = PBXFileReference; lastKnownFileType = sourcecode.swift; path = Protocols.swift; sourceTree = "<group>"; };
		A81FE8592634A7D100AAD448 /* FirstСollectionTableCellModel.swift */ = {isa = PBXFileReference; lastKnownFileType = sourcecode.swift; path = "FirstСollectionTableCellModel.swift"; sourceTree = "<group>"; };
		A81FE85F2634AB9700AAD448 /* DataTemplate.json */ = {isa = PBXFileReference; lastKnownFileType = text.json; path = DataTemplate.json; sourceTree = "<group>"; };
		A81FE8622634ABEB00AAD448 /* Model.swift */ = {isa = PBXFileReference; lastKnownFileType = sourcecode.swift; path = Model.swift; sourceTree = "<group>"; };
		A81FE8662634AEE300AAD448 /* DataTemplate.swift */ = {isa = PBXFileReference; lastKnownFileType = sourcecode.swift; path = DataTemplate.swift; sourceTree = "<group>"; };
		A83C6C3A2634FB8D00D1AEA3 /* OtherСollectionTableCellModel.swift */ = {isa = PBXFileReference; lastKnownFileType = sourcecode.swift; path = "OtherСollectionTableCellModel.swift"; sourceTree = "<group>"; };
		A86EB1DC2634E53900E21A11 /* FirstСollectionTableCell.swift */ = {isa = PBXFileReference; lastKnownFileType = sourcecode.swift; path = "FirstСollectionTableCell.swift"; sourceTree = "<group>"; };
		A86EB1DF2634E55F00E21A11 /* FirstCollectionCell.swift */ = {isa = PBXFileReference; lastKnownFileType = sourcecode.swift; path = FirstCollectionCell.swift; sourceTree = "<group>"; };
		A8A9F03F263491AE00D7B98D /* Leroy Merlin.app */ = {isa = PBXFileReference; explicitFileType = wrapper.application; includeInIndex = 0; path = "Leroy Merlin.app"; sourceTree = BUILT_PRODUCTS_DIR; };
		A8A9F042263491AE00D7B98D /* AppDelegate.swift */ = {isa = PBXFileReference; lastKnownFileType = sourcecode.swift; path = AppDelegate.swift; sourceTree = "<group>"; };
		A8A9F044263491AE00D7B98D /* SceneDelegate.swift */ = {isa = PBXFileReference; lastKnownFileType = sourcecode.swift; path = SceneDelegate.swift; sourceTree = "<group>"; };
		A8A9F046263491AE00D7B98D /* MainViewController.swift */ = {isa = PBXFileReference; lastKnownFileType = sourcecode.swift; path = MainViewController.swift; sourceTree = "<group>"; };
		A8A9F04B263491B000D7B98D /* Assets.xcassets */ = {isa = PBXFileReference; lastKnownFileType = folder.assetcatalog; path = Assets.xcassets; sourceTree = "<group>"; };
		A8A9F04E263491B000D7B98D /* Base */ = {isa = PBXFileReference; lastKnownFileType = file.storyboard; name = Base; path = Base.lproj/LaunchScreen.storyboard; sourceTree = "<group>"; };
		A8A9F050263491B000D7B98D /* Info.plist */ = {isa = PBXFileReference; lastKnownFileType = text.plist.xml; path = Info.plist; sourceTree = "<group>"; };
		A8A9F0582634929300D7B98D /* TabBarControllerAssembly.swift */ = {isa = PBXFileReference; lastKnownFileType = sourcecode.swift; path = TabBarControllerAssembly.swift; sourceTree = "<group>"; };
		A8A9F05D2634939E00D7B98D /* CustomNavigationBar.swift */ = {isa = PBXFileReference; lastKnownFileType = sourcecode.swift; path = CustomNavigationBar.swift; sourceTree = "<group>"; };
		A8A9F060263493BD00D7B98D /* OtherСollectionTableCell.swift */ = {isa = PBXFileReference; lastKnownFileType = sourcecode.swift; path = "OtherСollectionTableCell.swift"; sourceTree = "<group>"; };
		A8A9F063263493E200D7B98D /* OtherCollectionCell.swift */ = {isa = PBXFileReference; lastKnownFileType = sourcecode.swift; path = OtherCollectionCell.swift; sourceTree = "<group>"; };
		A8A9F066263493FB00D7B98D /* TextFieldNavbar.swift */ = {isa = PBXFileReference; lastKnownFileType = sourcecode.swift; path = TextFieldNavbar.swift; sourceTree = "<group>"; };
		A8A9F0692634942600D7B98D /* BarcodeViewNavBar.swift */ = {isa = PBXFileReference; lastKnownFileType = sourcecode.swift; path = BarcodeViewNavBar.swift; sourceTree = "<group>"; };
		A8A9F06C2634945400D7B98D /* SearchResultsController.swift */ = {isa = PBXFileReference; lastKnownFileType = sourcecode.swift; path = SearchResultsController.swift; sourceTree = "<group>"; };
/* End PBXFileReference section */

/* Begin PBXFrameworksBuildPhase section */
		A8A9F03C263491AE00D7B98D /* Frameworks */ = {
			isa = PBXFrameworksBuildPhase;
			buildActionMask = 2147483647;
			files = (
			);
			runOnlyForDeploymentPostprocessing = 0;
		};
/* End PBXFrameworksBuildPhase section */

/* Begin PBXGroup section */
		A81FE8582634A78B00AAD448 /* Protocols */ = {
			isa = PBXGroup;
			children = (
				A81FE8552634A73100AAD448 /* Protocols.swift */,
			);
			path = Protocols;
			sourceTree = "<group>";
		};
		A85C34102634E264009A14DB /* Cell */ = {
			isa = PBXGroup;
			children = (
				A85C34172634E40C009A14DB /* FirstSections */,
				A85C34162634E3D5009A14DB /* OtherSections */,
				A81FE8582634A78B00AAD448 /* Protocols */,
				A85C34142634E2D4009A14DB /* Models */,
			);
			path = Cell;
			sourceTree = "<group>";
		};
		A85C34122634E2B7009A14DB /* Model */ = {
			isa = PBXGroup;
			children = (
				A81FE8622634ABEB00AAD448 /* Model.swift */,
			);
			path = Model;
			sourceTree = "<group>";
		};
		A85C34142634E2D4009A14DB /* Models */ = {
			isa = PBXGroup;
			children = (
				A81FE8592634A7D100AAD448 /* FirstСollectionTableCellModel.swift */,
				A83C6C3A2634FB8D00D1AEA3 /* OtherСollectionTableCellModel.swift */,
			);
			path = Models;
			sourceTree = "<group>";
		};
		A85C34162634E3D5009A14DB /* OtherSections */ = {
			isa = PBXGroup;
			children = (
				A8A9F060263493BD00D7B98D /* OtherСollectionTableCell.swift */,
				A8A9F063263493E200D7B98D /* OtherCollectionCell.swift */,
			);
			path = OtherSections;
			sourceTree = "<group>";
		};
		A85C34172634E40C009A14DB /* FirstSections */ = {
			isa = PBXGroup;
			children = (
				A86EB1DC2634E53900E21A11 /* FirstСollectionTableCell.swift */,
				A86EB1DF2634E55F00E21A11 /* FirstCollectionCell.swift */,
			);
			path = FirstSections;
			sourceTree = "<group>";
		};
		A8A9F036263491AE00D7B98D = {
			isa = PBXGroup;
			children = (
				A8A9F041263491AE00D7B98D /* Leroy Merlin */,
				A8A9F040263491AE00D7B98D /* Products */,
			);
			sourceTree = "<group>";
		};
		A8A9F040263491AE00D7B98D /* Products */ = {
			isa = PBXGroup;
			children = (
				A8A9F03F263491AE00D7B98D /* Leroy Merlin.app */,
			);
			name = Products;
			sourceTree = "<group>";
		};
		A8A9F041263491AE00D7B98D /* Leroy Merlin */ = {
			isa = PBXGroup;
			children = (
				A8A9F042263491AE00D7B98D /* AppDelegate.swift */,
				A8A9F044263491AE00D7B98D /* SceneDelegate.swift */,
				A8A9F06F2634950600D7B98D /* Controllers */,
				A8A9F04B263491B000D7B98D /* Assets.xcassets */,
				A8A9F04D263491B000D7B98D /* LaunchScreen.storyboard */,
				A8A9F050263491B000D7B98D /* Info.plist */,
			);
			path = "Leroy Merlin";
			sourceTree = "<group>";
		};
		A8A9F06F2634950600D7B98D /* Controllers */ = {
			isa = PBXGroup;
			children = (
				A8A9F0732634980D00D7B98D /* TabBarControllerAssembly */,
				A8A9F0752634983100D7B98D /* MainViewController */,
				A8A9F077263498F000D7B98D /* SearchResultsController */,
				A81FE85F2634AB9700AAD448 /* DataTemplate.json */,
				A81FE8662634AEE300AAD448 /* DataTemplate.swift */,
			);
			path = Controllers;
			sourceTree = "<group>";
		};
		A8A9F071263497EE00D7B98D /* Views */ = {
			isa = PBXGroup;
			children = (
				A8A9F05D2634939E00D7B98D /* CustomNavigationBar.swift */,
				A8A9F066263493FB00D7B98D /* TextFieldNavbar.swift */,
				A8A9F0692634942600D7B98D /* BarcodeViewNavBar.swift */,
				A85C34102634E264009A14DB /* Cell */,
			);
			path = Views;
			sourceTree = "<group>";
		};
		A8A9F0732634980D00D7B98D /* TabBarControllerAssembly */ = {
			isa = PBXGroup;
			children = (
				A8A9F0582634929300D7B98D /* TabBarControllerAssembly.swift */,
			);
			path = TabBarControllerAssembly;
			sourceTree = "<group>";
		};
		A8A9F0752634983100D7B98D /* MainViewController */ = {
			isa = PBXGroup;
			children = (
				A8A9F046263491AE00D7B98D /* MainViewController.swift */,
				A8A9F071263497EE00D7B98D /* Views */,
				A85C34122634E2B7009A14DB /* Model */,
			);
			path = MainViewController;
			sourceTree = "<group>";
		};
		A8A9F077263498F000D7B98D /* SearchResultsController */ = {
			isa = PBXGroup;
			children = (
				A8A9F06C2634945400D7B98D /* SearchResultsController.swift */,
			);
			path = SearchResultsController;
			sourceTree = "<group>";
		};
/* End PBXGroup section */

/* Begin PBXNativeTarget section */
		A8A9F03E263491AE00D7B98D /* Leroy Merlin */ = {
			isa = PBXNativeTarget;
			buildConfigurationList = A8A9F053263491B000D7B98D /* Build configuration list for PBXNativeTarget "Leroy Merlin" */;
			buildPhases = (
				A8A9F03B263491AE00D7B98D /* Sources */,
				A8A9F03C263491AE00D7B98D /* Frameworks */,
				A8A9F03D263491AE00D7B98D /* Resources */,
			);
			buildRules = (
			);
			dependencies = (
			);
			name = "Leroy Merlin";
			productName = "Leroy Merlin";
			productReference = A8A9F03F263491AE00D7B98D /* Leroy Merlin.app */;
			productType = "com.apple.product-type.application";
		};
/* End PBXNativeTarget section */

/* Begin PBXProject section */
		A8A9F037263491AE00D7B98D /* Project object */ = {
			isa = PBXProject;
			attributes = {
				LastSwiftUpdateCheck = 1240;
				LastUpgradeCheck = 1240;
				TargetAttributes = {
					A8A9F03E263491AE00D7B98D = {
						CreatedOnToolsVersion = 12.4;
					};
				};
			};
			buildConfigurationList = A8A9F03A263491AE00D7B98D /* Build configuration list for PBXProject "Leroy Merlin" */;
			compatibilityVersion = "Xcode 9.3";
			developmentRegion = en;
			hasScannedForEncodings = 0;
			knownRegions = (
				en,
				Base,
			);
			mainGroup = A8A9F036263491AE00D7B98D;
			productRefGroup = A8A9F040263491AE00D7B98D /* Products */;
			projectDirPath = "";
			projectRoot = "";
			targets = (
				A8A9F03E263491AE00D7B98D /* Leroy Merlin */,
			);
		};
/* End PBXProject section */

/* Begin PBXResourcesBuildPhase section */
		A8A9F03D263491AE00D7B98D /* Resources */ = {
			isa = PBXResourcesBuildPhase;
			buildActionMask = 2147483647;
			files = (
				A81FE8602634AB9700AAD448 /* DataTemplate.json in Resources */,
				A8A9F04F263491B000D7B98D /* LaunchScreen.storyboard in Resources */,
				A8A9F04C263491B000D7B98D /* Assets.xcassets in Resources */,
			);
			runOnlyForDeploymentPostprocessing = 0;
		};
/* End PBXResourcesBuildPhase section */

/* Begin PBXSourcesBuildPhase section */
		A8A9F03B263491AE00D7B98D /* Sources */ = {
			isa = PBXSourcesBuildPhase;
			buildActionMask = 2147483647;
			files = (
				A8A9F047263491AE00D7B98D /* MainViewController.swift in Sources */,
				A8A9F061263493BD00D7B98D /* OtherСollectionTableCell.swift in Sources */,
				A86EB1E02634E55F00E21A11 /* FirstCollectionCell.swift in Sources */,
				A8A9F0592634929300D7B98D /* TabBarControllerAssembly.swift in Sources */,
				A83C6C3B2634FB8D00D1AEA3 /* OtherСollectionTableCellModel.swift in Sources */,
				A81FE8562634A73100AAD448 /* Protocols.swift in Sources */,
				A81FE85A2634A7D100AAD448 /* FirstСollectionTableCellModel.swift in Sources */,
				A81FE8672634AEE300AAD448 /* DataTemplate.swift in Sources */,
				A8A9F067263493FB00D7B98D /* TextFieldNavbar.swift in Sources */,
				A81FE8632634ABEB00AAD448 /* Model.swift in Sources */,
				A86EB1DD2634E53900E21A11 /* FirstСollectionTableCell.swift in Sources */,
				A8A9F064263493E200D7B98D /* OtherCollectionCell.swift in Sources */,
				A8A9F043263491AE00D7B98D /* AppDelegate.swift in Sources */,
				A8A9F045263491AE00D7B98D /* SceneDelegate.swift in Sources */,
				A8A9F06A2634942600D7B98D /* BarcodeViewNavBar.swift in Sources */,
				A8A9F06D2634945400D7B98D /* SearchResultsController.swift in Sources */,
				A8A9F05E2634939E00D7B98D /* CustomNavigationBar.swift in Sources */,
			);
			runOnlyForDeploymentPostprocessing = 0;
		};
/* End PBXSourcesBuildPhase section */

/* Begin PBXVariantGroup section */
		A8A9F04D263491B000D7B98D /* LaunchScreen.storyboard */ = {
			isa = PBXVariantGroup;
			children = (
				A8A9F04E263491B000D7B98D /* Base */,
			);
			name = LaunchScreen.storyboard;
			sourceTree = "<group>";
		};
/* End PBXVariantGroup section */

/* Begin XCBuildConfiguration section */
		A8A9F051263491B000D7B98D /* Debug */ = {
			isa = XCBuildConfiguration;
			buildSettings = {
				ALWAYS_SEARCH_USER_PATHS = NO;
				CLANG_ANALYZER_NONNULL = YES;
				CLANG_ANALYZER_NUMBER_OBJECT_CONVERSION = YES_AGGRESSIVE;
				CLANG_CXX_LANGUAGE_STANDARD = "gnu++14";
				CLANG_CXX_LIBRARY = "libc++";
				CLANG_ENABLE_MODULES = YES;
				CLANG_ENABLE_OBJC_ARC = YES;
				CLANG_ENABLE_OBJC_WEAK = YES;
				CLANG_WARN_BLOCK_CAPTURE_AUTORELEASING = YES;
				CLANG_WARN_BOOL_CONVERSION = YES;
				CLANG_WARN_COMMA = YES;
				CLANG_WARN_CONSTANT_CONVERSION = YES;
				CLANG_WARN_DEPRECATED_OBJC_IMPLEMENTATIONS = YES;
				CLANG_WARN_DIRECT_OBJC_ISA_USAGE = YES_ERROR;
				CLANG_WARN_DOCUMENTATION_COMMENTS = YES;
				CLANG_WARN_EMPTY_BODY = YES;
				CLANG_WARN_ENUM_CONVERSION = YES;
				CLANG_WARN_INFINITE_RECURSION = YES;
				CLANG_WARN_INT_CONVERSION = YES;
				CLANG_WARN_NON_LITERAL_NULL_CONVERSION = YES;
				CLANG_WARN_OBJC_IMPLICIT_RETAIN_SELF = YES;
				CLANG_WARN_OBJC_LITERAL_CONVERSION = YES;
				CLANG_WARN_OBJC_ROOT_CLASS = YES_ERROR;
				CLANG_WARN_QUOTED_INCLUDE_IN_FRAMEWORK_HEADER = YES;
				CLANG_WARN_RANGE_LOOP_ANALYSIS = YES;
				CLANG_WARN_STRICT_PROTOTYPES = YES;
				CLANG_WARN_SUSPICIOUS_MOVE = YES;
				CLANG_WARN_UNGUARDED_AVAILABILITY = YES_AGGRESSIVE;
				CLANG_WARN_UNREACHABLE_CODE = YES;
				CLANG_WARN__DUPLICATE_METHOD_MATCH = YES;
				COPY_PHASE_STRIP = NO;
				DEBUG_INFORMATION_FORMAT = dwarf;
				ENABLE_STRICT_OBJC_MSGSEND = YES;
				ENABLE_TESTABILITY = YES;
				GCC_C_LANGUAGE_STANDARD = gnu11;
				GCC_DYNAMIC_NO_PIC = NO;
				GCC_NO_COMMON_BLOCKS = YES;
				GCC_OPTIMIZATION_LEVEL = 0;
				GCC_PREPROCESSOR_DEFINITIONS = (
					"DEBUG=1",
					"$(inherited)",
				);
				GCC_WARN_64_TO_32_BIT_CONVERSION = YES;
				GCC_WARN_ABOUT_RETURN_TYPE = YES_ERROR;
				GCC_WARN_UNDECLARED_SELECTOR = YES;
				GCC_WARN_UNINITIALIZED_AUTOS = YES_AGGRESSIVE;
				GCC_WARN_UNUSED_FUNCTION = YES;
				GCC_WARN_UNUSED_VARIABLE = YES;
				IPHONEOS_DEPLOYMENT_TARGET = 14.1;
				MTL_ENABLE_DEBUG_INFO = INCLUDE_SOURCE;
				MTL_FAST_MATH = YES;
				ONLY_ACTIVE_ARCH = YES;
				SDKROOT = iphoneos;
				SWIFT_ACTIVE_COMPILATION_CONDITIONS = DEBUG;
				SWIFT_OPTIMIZATION_LEVEL = "-Onone";
			};
			name = Debug;
		};
		A8A9F052263491B000D7B98D /* Release */ = {
			isa = XCBuildConfiguration;
			buildSettings = {
				ALWAYS_SEARCH_USER_PATHS = NO;
				CLANG_ANALYZER_NONNULL = YES;
				CLANG_ANALYZER_NUMBER_OBJECT_CONVERSION = YES_AGGRESSIVE;
				CLANG_CXX_LANGUAGE_STANDARD = "gnu++14";
				CLANG_CXX_LIBRARY = "libc++";
				CLANG_ENABLE_MODULES = YES;
				CLANG_ENABLE_OBJC_ARC = YES;
				CLANG_ENABLE_OBJC_WEAK = YES;
				CLANG_WARN_BLOCK_CAPTURE_AUTORELEASING = YES;
				CLANG_WARN_BOOL_CONVERSION = YES;
				CLANG_WARN_COMMA = YES;
				CLANG_WARN_CONSTANT_CONVERSION = YES;
				CLANG_WARN_DEPRECATED_OBJC_IMPLEMENTATIONS = YES;
				CLANG_WARN_DIRECT_OBJC_ISA_USAGE = YES_ERROR;
				CLANG_WARN_DOCUMENTATION_COMMENTS = YES;
				CLANG_WARN_EMPTY_BODY = YES;
				CLANG_WARN_ENUM_CONVERSION = YES;
				CLANG_WARN_INFINITE_RECURSION = YES;
				CLANG_WARN_INT_CONVERSION = YES;
				CLANG_WARN_NON_LITERAL_NULL_CONVERSION = YES;
				CLANG_WARN_OBJC_IMPLICIT_RETAIN_SELF = YES;
				CLANG_WARN_OBJC_LITERAL_CONVERSION = YES;
				CLANG_WARN_OBJC_ROOT_CLASS = YES_ERROR;
				CLANG_WARN_QUOTED_INCLUDE_IN_FRAMEWORK_HEADER = YES;
				CLANG_WARN_RANGE_LOOP_ANALYSIS = YES;
				CLANG_WARN_STRICT_PROTOTYPES = YES;
				CLANG_WARN_SUSPICIOUS_MOVE = YES;
				CLANG_WARN_UNGUARDED_AVAILABILITY = YES_AGGRESSIVE;
				CLANG_WARN_UNREACHABLE_CODE = YES;
				CLANG_WARN__DUPLICATE_METHOD_MATCH = YES;
				COPY_PHASE_STRIP = NO;
				DEBUG_INFORMATION_FORMAT = "dwarf-with-dsym";
				ENABLE_NS_ASSERTIONS = NO;
				ENABLE_STRICT_OBJC_MSGSEND = YES;
				GCC_C_LANGUAGE_STANDARD = gnu11;
				GCC_NO_COMMON_BLOCKS = YES;
				GCC_WARN_64_TO_32_BIT_CONVERSION = YES;
				GCC_WARN_ABOUT_RETURN_TYPE = YES_ERROR;
				GCC_WARN_UNDECLARED_SELECTOR = YES;
				GCC_WARN_UNINITIALIZED_AUTOS = YES_AGGRESSIVE;
				GCC_WARN_UNUSED_FUNCTION = YES;
				GCC_WARN_UNUSED_VARIABLE = YES;
				IPHONEOS_DEPLOYMENT_TARGET = 14.1;
				MTL_ENABLE_DEBUG_INFO = NO;
				MTL_FAST_MATH = YES;
				SDKROOT = iphoneos;
				SWIFT_COMPILATION_MODE = wholemodule;
				SWIFT_OPTIMIZATION_LEVEL = "-O";
				VALIDATE_PRODUCT = YES;
			};
			name = Release;
		};
		A8A9F054263491B000D7B98D /* Debug */ = {
			isa = XCBuildConfiguration;
			buildSettings = {
				ASSETCATALOG_COMPILER_APPICON_NAME = AppIcon;
				ASSETCATALOG_COMPILER_GLOBAL_ACCENT_COLOR_NAME = AccentColor;
				CODE_SIGN_STYLE = Automatic;
				DEVELOPMENT_TEAM = U8Z4KVJ957;
				INFOPLIST_FILE = "Leroy Merlin/Info.plist";
				LD_RUNPATH_SEARCH_PATHS = (
					"$(inherited)",
					"@executable_path/Frameworks",
				);
				PRODUCT_BUNDLE_IDENTIFIER = "Alexandr.Leroy-Merlin";
				PRODUCT_NAME = "$(TARGET_NAME)";
				SWIFT_VERSION = 5.0;
				TARGETED_DEVICE_FAMILY = "1,2";
			};
			name = Debug;
		};
		A8A9F055263491B000D7B98D /* Release */ = {
			isa = XCBuildConfiguration;
			buildSettings = {
				ASSETCATALOG_COMPILER_APPICON_NAME = AppIcon;
				ASSETCATALOG_COMPILER_GLOBAL_ACCENT_COLOR_NAME = AccentColor;
				CODE_SIGN_STYLE = Automatic;
				DEVELOPMENT_TEAM = U8Z4KVJ957;
				INFOPLIST_FILE = "Leroy Merlin/Info.plist";
				LD_RUNPATH_SEARCH_PATHS = (
					"$(inherited)",
					"@executable_path/Frameworks",
				);
				PRODUCT_BUNDLE_IDENTIFIER = "Alexandr.Leroy-Merlin";
				PRODUCT_NAME = "$(TARGET_NAME)";
				SWIFT_VERSION = 5.0;
				TARGETED_DEVICE_FAMILY = "1,2";
			};
			name = Release;
		};
/* End XCBuildConfiguration section */

/* Begin XCConfigurationList section */
		A8A9F03A263491AE00D7B98D /* Build configuration list for PBXProject "Leroy Merlin" */ = {
			isa = XCConfigurationList;
			buildConfigurations = (
				A8A9F051263491B000D7B98D /* Debug */,
				A8A9F052263491B000D7B98D /* Release */,
			);
			defaultConfigurationIsVisible = 0;
			defaultConfigurationName = Release;
		};
		A8A9F053263491B000D7B98D /* Build configuration list for PBXNativeTarget "Leroy Merlin" */ = {
			isa = XCConfigurationList;
			buildConfigurations = (
				A8A9F054263491B000D7B98D /* Debug */,
				A8A9F055263491B000D7B98D /* Release */,
			);
			defaultConfigurationIsVisible = 0;
			defaultConfigurationName = Release;
		};
/* End XCConfigurationList section */
	};
	rootObject = A8A9F037263491AE00D7B98D /* Project object */;
}
